
Microsoft Visual Studio Solution File, Format Version 12.00
# Visual Studio Version 17
VisualStudioVersion = 17.4.33103.184
MinimumVisualStudioVersion = 10.0.40219.1
Project("{FAE04EC0-301F-11D3-BF4B-00C04F79EFBC}") = "Bank", "Bank\Bank.csproj", "{83F559C9-B479-450F-A888-8443BF06E088}"
EndProject
Global
	GlobalSection(SolutionConfigurationPlatforms) = preSolution
		Debug|Any CPU = Debug|Any CPU
		Release|Any CPU = Release|Any CPU
	EndGlobalSection
	GlobalSection(ProjectConfigurationPlatforms) = postSolution
		{83F559C9-B479-450F-A888-8443BF06E088}.Debug|Any CPU.ActiveCfg = Debug|Any CPU
		{83F559C9-B479-450F-A888-8443BF06E088}.Debug|Any CPU.Build.0 = Debug|Any CPU
		{83F559C9-B479-450F-A888-8443BF06E088}.Release|Any CPU.ActiveCfg = Release|Any CPU
		{83F559C9-B479-450F-A888-8443BF06E088}.Release|Any CPU.Build.0 = Release|Any CPU
	EndGlobalSection
	GlobalSection(SolutionProperties) = preSolution
		HideSolutionNode = FALSE
	EndGlobalSection
	GlobalSection(ExtensibilityGlobals) = postSolution
		SolutionGuid = {F65E70BF-28C3-49CA-95A8-F9EC5A61E159}
	EndGlobalSection
EndGlobal
